// !$*UTF8*$!
{
	archiveVersion = 1;
	classes = {
	};
	objectVersion = 46;
	objects = {

/* Begin PBXBuildFile section */
		06FBBEFB1B838DFC008403DD /* main.m in Sources */ = {isa = PBXBuildFile; fileRef = 06FBBEFA1B838DFC008403DD /* main.m */; };
		06FBBEFE1B838DFC008403DD /* AppDelegate.m in Sources */ = {isa = PBXBuildFile; fileRef = 06FBBEFD1B838DFC008403DD /* AppDelegate.m */; };
		06FBBF011B838DFC008403DD /* ViewController.m in Sources */ = {isa = PBXBuildFile; fileRef = 06FBBF001B838DFC008403DD /* ViewController.m */; };
		06FBBF041B838DFC008403DD /* Main.storyboard in Resources */ = {isa = PBXBuildFile; fileRef = 06FBBF021B838DFC008403DD /* Main.storyboard */; };
		06FBBF061B838DFC008403DD /* Images.xcassets in Resources */ = {isa = PBXBuildFile; fileRef = 06FBBF051B838DFC008403DD /* Images.xcassets */; };
		06FBBF091B838DFC008403DD /* LaunchScreen.xib in Resources */ = {isa = PBXBuildFile; fileRef = 06FBBF071B838DFC008403DD /* LaunchScreen.xib */; };
		06FBBF151B838DFC008403DD /* YueTests.m in Sources */ = {isa = PBXBuildFile; fileRef = 06FBBF141B838DFC008403DD /* YueTests.m */; };
		C685A70305B97A19ABEC8CE6 /* libPods.a in Frameworks */ = {isa = PBXBuildFile; fileRef = 92B962D21879D4DFB16EA44B /* libPods.a */; };
/* End PBXBuildFile section */

/* Begin PBXContainerItemProxy section */
		06FBBF0F1B838DFC008403DD /* PBXContainerItemProxy */ = {
			isa = PBXContainerItemProxy;
			containerPortal = 06FBBEED1B838DFC008403DD /* Project object */;
			proxyType = 1;
			remoteGlobalIDString = 06FBBEF41B838DFC008403DD;
			remoteInfo = Yue;
		};
/* End PBXContainerItemProxy section */

/* Begin PBXFileReference section */
		06FBBEF51B838DFC008403DD /* Yue.app */ = {isa = PBXFileReference; explicitFileType = wrapper.application; includeInIndex = 0; path = Yue.app; sourceTree = BUILT_PRODUCTS_DIR; };
		06FBBEF91B838DFC008403DD /* Info.plist */ = {isa = PBXFileReference; lastKnownFileType = text.plist.xml; path = Info.plist; sourceTree = "<group>"; };
		06FBBEFA1B838DFC008403DD /* main.m */ = {isa = PBXFileReference; lastKnownFileType = sourcecode.c.objc; path = main.m; sourceTree = "<group>"; };
		06FBBEFC1B838DFC008403DD /* AppDelegate.h */ = {isa = PBXFileReference; lastKnownFileType = sourcecode.c.h; path = AppDelegate.h; sourceTree = "<group>"; };
		06FBBEFD1B838DFC008403DD /* AppDelegate.m */ = {isa = PBXFileReference; lastKnownFileType = sourcecode.c.objc; path = AppDelegate.m; sourceTree = "<group>"; };
		06FBBEFF1B838DFC008403DD /* ViewController.h */ = {isa = PBXFileReference; lastKnownFileType = sourcecode.c.h; path = ViewController.h; sourceTree = "<group>"; };
		06FBBF001B838DFC008403DD /* ViewController.m */ = {isa = PBXFileReference; lastKnownFileType = sourcecode.c.objc; path = ViewController.m; sourceTree = "<group>"; };
		06FBBF031B838DFC008403DD /* Base */ = {isa = PBXFileReference; lastKnownFileType = file.storyboard; name = Base; path = Base.lproj/Main.storyboard; sourceTree = "<group>"; };
		06FBBF051B838DFC008403DD /* Images.xcassets */ = {isa = PBXFileReference; lastKnownFileType = folder.assetcatalog; path = Images.xcassets; sourceTree = "<group>"; };
		06FBBF081B838DFC008403DD /* Base */ = {isa = PBXFileReference; lastKnownFileType = file.xib; name = Base; path = Base.lproj/LaunchScreen.xib; sourceTree = "<group>"; };
		06FBBF0E1B838DFC008403DD /* YueTests.xctest */ = {isa = PBXFileReference; explicitFileType = wrapper.cfbundle; includeInIndex = 0; path = YueTests.xctest; sourceTree = BUILT_PRODUCTS_DIR; };
		06FBBF131B838DFC008403DD /* Info.plist */ = {isa = PBXFileReference; lastKnownFileType = text.plist.xml; path = Info.plist; sourceTree = "<group>"; };
		06FBBF141B838DFC008403DD /* YueTests.m */ = {isa = PBXFileReference; lastKnownFileType = sourcecode.c.objc; path = YueTests.m; sourceTree = "<group>"; };
		338C1DFDAD9D1D88678C002C /* Pods.debug.xcconfig */ = {isa = PBXFileReference; includeInIndex = 1; lastKnownFileType = text.xcconfig; name = Pods.debug.xcconfig; path = "Pods/Target Support Files/Pods/Pods.debug.xcconfig"; sourceTree = "<group>"; };
		5AD8B1E29465AD8D83237784 /* Pods.release.xcconfig */ = {isa = PBXFileReference; includeInIndex = 1; lastKnownFileType = text.xcconfig; name = Pods.release.xcconfig; path = "Pods/Target Support Files/Pods/Pods.release.xcconfig"; sourceTree = "<group>"; };
		92B962D21879D4DFB16EA44B /* libPods.a */ = {isa = PBXFileReference; explicitFileType = archive.ar; includeInIndex = 0; path = libPods.a; sourceTree = BUILT_PRODUCTS_DIR; };
/* End PBXFileReference section */

/* Begin PBXFrameworksBuildPhase section */
		06FBBEF21B838DFC008403DD /* Frameworks */ = {
			isa = PBXFrameworksBuildPhase;
			buildActionMask = 2147483647;
			files = (
				C685A70305B97A19ABEC8CE6 /* libPods.a in Frameworks */,
			);
			runOnlyForDeploymentPostprocessing = 0;
		};
		06FBBF0B1B838DFC008403DD /* Frameworks */ = {
			isa = PBXFrameworksBuildPhase;
			buildActionMask = 2147483647;
			files = (
			);
			runOnlyForDeploymentPostprocessing = 0;
		};
/* End PBXFrameworksBuildPhase section */

/* Begin PBXGroup section */
		06FBBEEC1B838DFC008403DD = {
			isa = PBXGroup;
			children = (
				06FBBEF71B838DFC008403DD /* Yue */,
				06FBBF111B838DFC008403DD /* YueTests */,
				06FBBEF61B838DFC008403DD /* Products */,
				2BC3E9BE53C2A37DF39195FF /* Pods */,
				2F1255FB8CD644EAE8EBDD94 /* Frameworks */,
			);
			sourceTree = "<group>";
		};
		06FBBEF61B838DFC008403DD /* Products */ = {
			isa = PBXGroup;
			children = (
				06FBBEF51B838DFC008403DD /* Yue.app */,
				06FBBF0E1B838DFC008403DD /* YueTests.xctest */,
			);
			name = Products;
			sourceTree = "<group>";
		};
		06FBBEF71B838DFC008403DD /* Yue */ = {
			isa = PBXGroup;
			children = (
				06FBBEFC1B838DFC008403DD /* AppDelegate.h */,
				06FBBEFD1B838DFC008403DD /* AppDelegate.m */,
				06FBBEFF1B838DFC008403DD /* ViewController.h */,
				06FBBF001B838DFC008403DD /* ViewController.m */,
				06FBBF021B838DFC008403DD /* Main.storyboard */,
				06FBBF051B838DFC008403DD /* Images.xcassets */,
				06FBBF071B838DFC008403DD /* LaunchScreen.xib */,
				06FBBEF81B838DFC008403DD /* Supporting Files */,
			);
			path = Yue;
			sourceTree = "<group>";
		};
		06FBBEF81B838DFC008403DD /* Supporting Files */ = {
			isa = PBXGroup;
			children = (
				06FBBEF91B838DFC008403DD /* Info.plist */,
				06FBBEFA1B838DFC008403DD /* main.m */,
			);
			name = "Supporting Files";
			sourceTree = "<group>";
		};
		06FBBF111B838DFC008403DD /* YueTests */ = {
			isa = PBXGroup;
			children = (
				06FBBF141B838DFC008403DD /* YueTests.m */,
				06FBBF121B838DFC008403DD /* Supporting Files */,
			);
			path = YueTests;
			sourceTree = "<group>";
		};
		06FBBF121B838DFC008403DD /* Supporting Files */ = {
			isa = PBXGroup;
			children = (
				06FBBF131B838DFC008403DD /* Info.plist */,
			);
			name = "Supporting Files";
			sourceTree = "<group>";
		};
		2BC3E9BE53C2A37DF39195FF /* Pods */ = {
			isa = PBXGroup;
			children = (
				338C1DFDAD9D1D88678C002C /* Pods.debug.xcconfig */,
				5AD8B1E29465AD8D83237784 /* Pods.release.xcconfig */,
			);
			name = Pods;
			sourceTree = "<group>";
		};
		2F1255FB8CD644EAE8EBDD94 /* Frameworks */ = {
			isa = PBXGroup;
			children = (
				92B962D21879D4DFB16EA44B /* libPods.a */,
			);
			name = Frameworks;
			sourceTree = "<group>";
		};
/* End PBXGroup section */

/* Begin PBXNativeTarget section */
		06FBBEF41B838DFC008403DD /* Yue */ = {
			isa = PBXNativeTarget;
			buildConfigurationList = 06FBBF181B838DFC008403DD /* Build configuration list for PBXNativeTarget "Yue" */;
			buildPhases = (
				2351959BC95CB7A7DC23D8CE /* Check Pods Manifest.lock */,
				06FBBEF11B838DFC008403DD /* Sources */,
				06FBBEF21B838DFC008403DD /* Frameworks */,
				06FBBEF31B838DFC008403DD /* Resources */,
				F7B31CA2EEBD0F198A2613D7 /* Copy Pods Resources */,
			);
			buildRules = (
			);
			dependencies = (
			);
			name = Yue;
			productName = Yue;
			productReference = 06FBBEF51B838DFC008403DD /* Yue.app */;
			productType = "com.apple.product-type.application";
		};
		06FBBF0D1B838DFC008403DD /* YueTests */ = {
			isa = PBXNativeTarget;
			buildConfigurationList = 06FBBF1B1B838DFC008403DD /* Build configuration list for PBXNativeTarget "YueTests" */;
			buildPhases = (
				06FBBF0A1B838DFC008403DD /* Sources */,
				06FBBF0B1B838DFC008403DD /* Frameworks */,
				06FBBF0C1B838DFC008403DD /* Resources */,
			);
			buildRules = (
			);
			dependencies = (
				06FBBF101B838DFC008403DD /* PBXTargetDependency */,
			);
			name = YueTests;
			productName = YueTests;
			productReference = 06FBBF0E1B838DFC008403DD /* YueTests.xctest */;
			productType = "com.apple.product-type.bundle.unit-test";
		};
/* End PBXNativeTarget section */

/* Begin PBXProject section */
		06FBBEED1B838DFC008403DD /* Project object */ = {
			isa = PBXProject;
			attributes = {
				LastUpgradeCheck = 0640;
				ORGANIZATIONNAME = wishsoul;
				TargetAttributes = {
					06FBBEF41B838DFC008403DD = {
						CreatedOnToolsVersion = 6.4;
					};
					06FBBF0D1B838DFC008403DD = {
						CreatedOnToolsVersion = 6.4;
						TestTargetID = 06FBBEF41B838DFC008403DD;
					};
				};
			};
			buildConfigurationList = 06FBBEF01B838DFC008403DD /* Build configuration list for PBXProject "Yue" */;
			compatibilityVersion = "Xcode 3.2";
			developmentRegion = English;
			hasScannedForEncodings = 0;
			knownRegions = (
				en,
				Base,
			);
			mainGroup = 06FBBEEC1B838DFC008403DD;
			productRefGroup = 06FBBEF61B838DFC008403DD /* Products */;
			projectDirPath = "";
			projectRoot = "";
			targets = (
				06FBBEF41B838DFC008403DD /* Yue */,
				06FBBF0D1B838DFC008403DD /* YueTests */,
			);
		};
/* End PBXProject section */

/* Begin PBXResourcesBuildPhase section */
		06FBBEF31B838DFC008403DD /* Resources */ = {
			isa = PBXResourcesBuildPhase;
			buildActionMask = 2147483647;
			files = (
				06FBBF041B838DFC008403DD /* Main.storyboard in Resources */,
				06FBBF091B838DFC008403DD /* LaunchScreen.xib in Resources */,
				06FBBF061B838DFC008403DD /* Images.xcassets in Resources */,
			);
			runOnlyForDeploymentPostprocessing = 0;
		};
		06FBBF0C1B838DFC008403DD /* Resources */ = {
			isa = PBXResourcesBuildPhase;
			buildActionMask = 2147483647;
			files = (
			);
			runOnlyForDeploymentPostprocessing = 0;
		};
/* End PBXResourcesBuildPhase section */

/* Begin PBXShellScriptBuildPhase section */
		2351959BC95CB7A7DC23D8CE /* Check Pods Manifest.lock */ = {
			isa = PBXShellScriptBuildPhase;
			buildActionMask = 2147483647;
			files = (
			);
			inputPaths = (
			);
			name = "Check Pods Manifest.lock";
			outputPaths = (
			);
			runOnlyForDeploymentPostprocessing = 0;
			shellPath = /bin/sh;
			shellScript = "diff \"${PODS_ROOT}/../Podfile.lock\" \"${PODS_ROOT}/Manifest.lock\" > /dev/null\nif [[ $? != 0 ]] ; then\n    cat << EOM\nerror: The sandbox is not in sync with the Podfile.lock. Run 'pod install' or update your CocoaPods installation.\nEOM\n    exit 1\nfi\n";
			showEnvVarsInLog = 0;
		};
		F7B31CA2EEBD0F198A2613D7 /* Copy Pods Resources */ = {
			isa = PBXShellScriptBuildPhase;
			buildActionMask = 2147483647;
			files = (
			);
			inputPaths = (
			);
			name = "Copy Pods Resources";
			outputPaths = (
			);
			runOnlyForDeploymentPostprocessing = 0;
			shellPath = /bin/sh;
			shellScript = "\"${SRCROOT}/Pods/Target Support Files/Pods/Pods-resources.sh\"\n";
			showEnvVarsInLog = 0;
		};
/* End PBXShellScriptBuildPhase section */

/* Begin PBXSourcesBuildPhase section */
		06FBBEF11B838DFC008403DD /* Sources */ = {
			isa = PBXSourcesBuildPhase;
			buildActionMask = 2147483647;
			files = (
				06FBBF011B838DFC008403DD /* ViewController.m in Sources */,
				06FBBEFE1B838DFC008403DD /* AppDelegate.m in Sources */,
				06FBBEFB1B838DFC008403DD /* main.m in Sources */,
			);
			runOnlyForDeploymentPostprocessing = 0;
		};
		06FBBF0A1B838DFC008403DD /* Sources */ = {
			isa = PBXSourcesBuildPhase;
			buildActionMask = 2147483647;
			files = (
				06FBBF151B838DFC008403DD /* YueTests.m in Sources */,
			);
			runOnlyForDeploymentPostprocessing = 0;
		};
/* End PBXSourcesBuildPhase section */

/* Begin PBXTargetDependency section */
		06FBBF101B838DFC008403DD /* PBXTargetDependency */ = {
			isa = PBXTargetDependency;
			target = 06FBBEF41B838DFC008403DD /* Yue */;
			targetProxy = 06FBBF0F1B838DFC008403DD /* PBXContainerItemProxy */;
		};
/* End PBXTargetDependency section */

/* Begin PBXVariantGroup section */
		06FBBF021B838DFC008403DD /* Main.storyboard */ = {
			isa = PBXVariantGroup;
			children = (
				06FBBF031B838DFC008403DD /* Base */,
			);
			name = Main.storyboard;
			sourceTree = "<group>";
		};
		06FBBF071B838DFC008403DD /* LaunchScreen.xib */ = {
			isa = PBXVariantGroup;
			children = (
				06FBBF081B838DFC008403DD /* Base */,
			);
			name = LaunchScreen.xib;
			sourceTree = "<group>";
		};
/* End PBXVariantGroup section */

/* Begin XCBuildConfiguration section */
		06FBBF161B838DFC008403DD /* Debug */ = {
			isa = XCBuildConfiguration;
			buildSettings = {
				ALWAYS_SEARCH_USER_PATHS = NO;
				CLANG_CXX_LANGUAGE_STANDARD = "gnu++0x";
				CLANG_CXX_LIBRARY = "libc++";
				CLANG_ENABLE_MODULES = YES;
				CLANG_ENABLE_OBJC_ARC = YES;
				CLANG_WARN_BOOL_CONVERSION = YES;
				CLANG_WARN_CONSTANT_CONVERSION = YES;
				CLANG_WARN_DIRECT_OBJC_ISA_USAGE = YES_ERROR;
				CLANG_WARN_EMPTY_BODY = YES;
				CLANG_WARN_ENUM_CONVERSION = YES;
				CLANG_WARN_INT_CONVERSION = YES;
				CLANG_WARN_OBJC_ROOT_CLASS = YES_ERROR;
				CLANG_WARN_UNREACHABLE_CODE = YES;
				CLANG_WARN__DUPLICATE_METHOD_MATCH = YES;
				"CODE_SIGN_IDENTITY[sdk=iphoneos*]" = "iPhone Developer";
				COPY_PHASE_STRIP = NO;
				DEBUG_INFORMATION_FORMAT = "dwarf-with-dsym";
				ENABLE_STRICT_OBJC_MSGSEND = YES;
				GCC_C_LANGUAGE_STANDARD = gnu99;
				GCC_DYNAMIC_NO_PIC = NO;
				GCC_NO_COMMON_BLOCKS = YES;
				GCC_OPTIMIZATION_LEVEL = 0;
				GCC_PREPROCESSOR_DEFINITIONS = (
					"DEBUG=1",
					"$(inherited)",
				);
				GCC_SYMBOLS_PRIVATE_EXTERN = NO;
				GCC_WARN_64_TO_32_BIT_CONVERSION = YES;
				GCC_WARN_ABOUT_RETURN_TYPE = YES_ERROR;
				GCC_WARN_UNDECLARED_SELECTOR = YES;
				GCC_WARN_UNINITIALIZED_AUTOS = YES_AGGRESSIVE;
				GCC_WARN_UNUSED_FUNCTION = YES;
				GCC_WARN_UNUSED_VARIABLE = YES;
				IPHONEOS_DEPLOYMENT_TARGET = 8.4;
				MTL_ENABLE_DEBUG_INFO = YES;
				ONLY_ACTIVE_ARCH = YES;
				SDKROOT = iphoneos;
			};
			name = Debug;
		};
		06FBBF171B838DFC008403DD /* Release */ = {
			isa = XCBuildConfiguration;
			buildSettings = {
				ALWAYS_SEARCH_USER_PATHS = NO;
				CLANG_CXX_LANGUAGE_STANDARD = "gnu++0x";
				CLANG_CXX_LIBRARY = "libc++";
				CLANG_ENABLE_MODULES = YES;
				CLANG_ENABLE_OBJC_ARC = YES;
				CLANG_WARN_BOOL_CONVERSION = YES;
				CLANG_WARN_CONSTANT_CONVERSION = YES;
				CLANG_WARN_DIRECT_OBJC_ISA_USAGE = YES_ERROR;
				CLANG_WARN_EMPTY_BODY = YES;
				CLANG_WARN_ENUM_CONVERSION = YES;
				CLANG_WARN_INT_CONVERSION = YES;
				CLANG_WARN_OBJC_ROOT_CLASS = YES_ERROR;
				CLANG_WARN_UNREACHABLE_CODE = YES;
				CLANG_WARN__DUPLICATE_METHOD_MATCH = YES;
				"CODE_SIGN_IDENTITY[sdk=iphoneos*]" = "iPhone Developer";
				COPY_PHASE_STRIP = NO;
				DEBUG_INFORMATION_FORMAT = "dwarf-with-dsym";
				ENABLE_NS_ASSERTIONS = NO;
				ENABLE_STRICT_OBJC_MSGSEND = YES;
				GCC_C_LANGUAGE_STANDARD = gnu99;
				GCC_NO_COMMON_BLOCKS = YES;
				GCC_WARN_64_TO_32_BIT_CONVERSION = YES;
				GCC_WARN_ABOUT_RETURN_TYPE = YES_ERROR;
				GCC_WARN_UNDECLARED_SELECTOR = YES;
				GCC_WARN_UNINITIALIZED_AUTOS = YES_AGGRESSIVE;
				GCC_WARN_UNUSED_FUNCTION = YES;
				GCC_WARN_UNUSED_VARIABLE = YES;
				IPHONEOS_DEPLOYMENT_TARGET = 8.4;
				MTL_ENABLE_DEBUG_INFO = NO;
				SDKROOT = iphoneos;
				VALIDATE_PRODUCT = YES;
			};
			name = Release;
		};
		06FBBF191B838DFC008403DD /* Debug */ = {
			isa = XCBuildConfiguration;
			baseConfigurationReference = 338C1DFDAD9D1D88678C002C /* Pods.debug.xcconfig */;
			buildSettings = {
				ASSETCATALOG_COMPILER_APPICON_NAME = AppIcon;
				INFOPLIST_FILE = Yue/Info.plist;
				LD_RUNPATH_SEARCH_PATHS = "$(inherited) @executable_path/Frameworks";
				PRODUCT_NAME = "$(TARGET_NAME)";
			};
			name = Debug;
		};
		06FBBF1A1B838DFC008403DD /* Release */ = {
			isa = XCBuildConfiguration;
			baseConfigurationReference = 5AD8B1E29465AD8D83237784 /* Pods.release.xcconfig */;
			buildSettings = {
				ASSETCATALOG_COMPILER_APPICON_NAME = AppIcon;
				INFOPLIST_FILE = Yue/Info.plist;
				LD_RUNPATH_SEARCH_PATHS = "$(inherited) @executable_path/Frameworks";
				PRODUCT_NAME = "$(TARGET_NAME)";
			};
			name = Release;
		};
		06FBBF1C1B838DFC008403DD /* Debug */ = {
			isa = XCBuildConfiguration;
			buildSettings = {
				BUNDLE_LOADER = "$(TEST_HOST)";
				FRAMEWORK_SEARCH_PATHS = (
					"$(SDKROOT)/Developer/Library/Frameworks",
					"$(inherited)",
				);
				GCC_PREPROCESSOR_DEFINITIONS = (
					"DEBUG=1",
					"$(inherited)",
				);
				INFOPLIST_FILE = YueTests/Info.plist;
				LD_RUNPATH_SEARCH_PATHS = "$(inherited) @executable_path/Frameworks @loader_path/Frameworks";
				PRODUCT_NAME = "$(TARGET_NAME)";
				TEST_HOST = "$(BUILT_PRODUCTS_DIR)/Yue.app/Yue";
			};
			name = Debug;
		};
		06FBBF1D1B838DFC008403DD /* Release */ = {
			isa = XCBuildConfiguration;
			buildSettings = {
				BUNDLE_LOADER = "$(TEST_HOST)";
				FRAMEWORK_SEARCH_PATHS = (
					"$(SDKROOT)/Developer/Library/Frameworks",
					"$(inherited)",
				);
				INFOPLIST_FILE = YueTests/Info.plist;
				LD_RUNPATH_SEARCH_PATHS = "$(inherited) @executable_path/Frameworks @loader_path/Frameworks";
				PRODUCT_NAME = "$(TARGET_NAME)";
				TEST_HOST = "$(BUILT_PRODUCTS_DIR)/Yue.app/Yue";
			};
			name = Release;
		};
/* End XCBuildConfiguration section */

/* Begin XCConfigurationList section */
		06FBBEF01B838DFC008403DD /* Build configuration list for PBXProject "Yue" */ = {
			isa = XCConfigurationList;
			buildConfigurations = (
				06FBBF161B838DFC008403DD /* Debug */,
				06FBBF171B838DFC008403DD /* Release */,
			);
			defaultConfigurationIsVisible = 0;
			defaultConfigurationName = Release;
		};
		06FBBF181B838DFC008403DD /* Build configuration list for PBXNativeTarget "Yue" */ = {
			isa = XCConfigurationList;
			buildConfigurations = (
				06FBBF191B838DFC008403DD /* Debug */,
				06FBBF1A1B838DFC008403DD /* Release */,
			);
			defaultConfigurationIsVisible = 0;
			defaultConfigurationName = Release;
		};
		06FBBF1B1B838DFC008403DD /* Build configuration list for PBXNativeTarget "YueTests" */ = {
			isa = XCConfigurationList;
			buildConfigurations = (
				06FBBF1C1B838DFC008403DD /* Debug */,
				06FBBF1D1B838DFC008403DD /* Release */,
			);
			defaultConfigurationIsVisible = 0;
			defaultConfigurationName = Release;
		};
/* End XCConfigurationList section */
	};
	rootObject = 06FBBEED1B838DFC008403DD /* Project object */;
}
